
Microsoft Visual Studio Solution File, Format Version 12.00
# Visual Studio Version 16
VisualStudioVersion = 16.0.30413.136
MinimumVisualStudioVersion = 10.0.40219.1
Project("{FAE04EC0-301F-11D3-BF4B-00C04F79EFBC}") = "rpccalls", "rpccalls.csproj", "{F27FBF8E-067C-49F9-8701-DCD9944E2308}"
EndProject
Global
	GlobalSection(SolutionConfigurationPlatforms) = preSolution
		Debug|Any CPU = Debug|Any CPU
		Release|Any CPU = Release|Any CPU
	EndGlobalSection
	GlobalSection(ProjectConfigurationPlatforms) = postSolution
		{F27FBF8E-067C-49F9-8701-DCD9944E2308}.Debug|Any CPU.ActiveCfg = Debug|Any CPU
		{F27FBF8E-067C-49F9-8701-DCD9944E2308}.Debug|Any CPU.Build.0 = Debug|Any CPU
		{F27FBF8E-067C-49F9-8701-DCD9944E2308}.Release|Any CPU.ActiveCfg = Release|Any CPU
		{F27FBF8E-067C-49F9-8701-DCD9944E2308}.Release|Any CPU.Build.0 = Release|Any CPU
	EndGlobalSection
	GlobalSection(SolutionProperties) = preSolution
		HideSolutionNode = FALSE
	EndGlobalSection
	GlobalSection(ExtensibilityGlobals) = postSolution
		SolutionGuid = {1837C7CB-4728-4698-AC39-9767137F2F58}
	EndGlobalSection
EndGlobal
