
Microsoft Visual Studio Solution File, Format Version 12.00
# Visual Studio 15
VisualStudioVersion = 15.0.28307.902
MinimumVisualStudioVersion = 10.0.40219.1
Project("{54435603-DBB4-11D2-8724-00A0C9A8B90C}") = "Setup2", "Setup2\Setup2.vdproj", "{35174BA2-F500-4EAC-A807-B8A65A0698D2}"
EndProject
Global
	GlobalSection(SolutionConfigurationPlatforms) = preSolution
		Debug|Default = Debug|Default
		Release|Default = Release|Default
	EndGlobalSection
	GlobalSection(ProjectConfigurationPlatforms) = postSolution
		{35174BA2-F500-4EAC-A807-B8A65A0698D2}.Debug|Default.ActiveCfg = Debug
		{35174BA2-F500-4EAC-A807-B8A65A0698D2}.Debug|Default.Build.0 = Debug
		{35174BA2-F500-4EAC-A807-B8A65A0698D2}.Release|Default.ActiveCfg = Release
		{35174BA2-F500-4EAC-A807-B8A65A0698D2}.Release|Default.Build.0 = Release
	EndGlobalSection
	GlobalSection(SolutionProperties) = preSolution
		HideSolutionNode = FALSE
	EndGlobalSection
	GlobalSection(ExtensibilityGlobals) = postSolution
		SolutionGuid = {E4BBD9D6-8E4D-41E5-A620-9A387DD9D4E9}
	EndGlobalSection
EndGlobal
