
Microsoft Visual Studio Solution File, Format Version 12.00
# Visual Studio 15
VisualStudioVersion = 15.0.28307.960
MinimumVisualStudioVersion = 10.0.40219.1
Project("{FAE04EC0-301F-11D3-BF4B-00C04F79EFBC}") = "EncyptUserSettings", "EncyptUserSettings\EncyptUserSettings.csproj", "{83336A18-A9E1-49DB-B073-D4F14A9C0567}"
EndProject
Global
	GlobalSection(SolutionConfigurationPlatforms) = preSolution
		Debug|Any CPU = Debug|Any CPU
		Release|Any CPU = Release|Any CPU
	EndGlobalSection
	GlobalSection(ProjectConfigurationPlatforms) = postSolution
		{83336A18-A9E1-49DB-B073-D4F14A9C0567}.Debug|Any CPU.ActiveCfg = Debug|Any CPU
		{83336A18-A9E1-49DB-B073-D4F14A9C0567}.Debug|Any CPU.Build.0 = Debug|Any CPU
		{83336A18-A9E1-49DB-B073-D4F14A9C0567}.Release|Any CPU.ActiveCfg = Release|Any CPU
		{83336A18-A9E1-49DB-B073-D4F14A9C0567}.Release|Any CPU.Build.0 = Release|Any CPU
	EndGlobalSection
	GlobalSection(SolutionProperties) = preSolution
		HideSolutionNode = FALSE
	EndGlobalSection
	GlobalSection(ExtensibilityGlobals) = postSolution
		SolutionGuid = {DE4DB8E2-6C0E-47EB-9D4B-E2C4DB08E507}
	EndGlobalSection
EndGlobal
