
Microsoft Visual Studio Solution File, Format Version 12.00
# Visual Studio 15
VisualStudioVersion = 15.0.28307.960
MinimumVisualStudioVersion = 10.0.40219.1
Project("{FAE04EC0-301F-11D3-BF4B-00C04F79EFBC}") = "WindowsFormsApp3", "WindowsFormsApp3\WindowsFormsApp3.csproj", "{49A221F5-15F9-417A-9336-1F960A222408}"
EndProject
Global
	GlobalSection(SolutionConfigurationPlatforms) = preSolution
		Debug|Any CPU = Debug|Any CPU
		Release|Any CPU = Release|Any CPU
	EndGlobalSection
	GlobalSection(ProjectConfigurationPlatforms) = postSolution
		{49A221F5-15F9-417A-9336-1F960A222408}.Debug|Any CPU.ActiveCfg = Debug|Any CPU
		{49A221F5-15F9-417A-9336-1F960A222408}.Debug|Any CPU.Build.0 = Debug|Any CPU
		{49A221F5-15F9-417A-9336-1F960A222408}.Release|Any CPU.ActiveCfg = Release|Any CPU
		{49A221F5-15F9-417A-9336-1F960A222408}.Release|Any CPU.Build.0 = Release|Any CPU
	EndGlobalSection
	GlobalSection(SolutionProperties) = preSolution
		HideSolutionNode = FALSE
	EndGlobalSection
	GlobalSection(ExtensibilityGlobals) = postSolution
		SolutionGuid = {A31E304C-4C55-403F-AF15-E0DBE9B5935D}
	EndGlobalSection
EndGlobal
