
Microsoft Visual Studio Solution File, Format Version 12.00
# Visual Studio Version 16
VisualStudioVersion = 16.0.30413.136
MinimumVisualStudioVersion = 10.0.40219.1
Project("{FAE04EC0-301F-11D3-BF4B-00C04F79EFBC}") = "SoftEtherApiTest1", "SoftEtherApiTest1.csproj", "{FF0FB059-6708-44E3-9CC2-60E6D08BE3E6}"
EndProject
Global
	GlobalSection(SolutionConfigurationPlatforms) = preSolution
		Debug|Any CPU = Debug|Any CPU
		Release|Any CPU = Release|Any CPU
	EndGlobalSection
	GlobalSection(ProjectConfigurationPlatforms) = postSolution
		{FF0FB059-6708-44E3-9CC2-60E6D08BE3E6}.Debug|Any CPU.ActiveCfg = Debug|Any CPU
		{FF0FB059-6708-44E3-9CC2-60E6D08BE3E6}.Debug|Any CPU.Build.0 = Debug|Any CPU
		{FF0FB059-6708-44E3-9CC2-60E6D08BE3E6}.Release|Any CPU.ActiveCfg = Release|Any CPU
		{FF0FB059-6708-44E3-9CC2-60E6D08BE3E6}.Release|Any CPU.Build.0 = Release|Any CPU
	EndGlobalSection
	GlobalSection(SolutionProperties) = preSolution
		HideSolutionNode = FALSE
	EndGlobalSection
	GlobalSection(ExtensibilityGlobals) = postSolution
		SolutionGuid = {385987B5-D814-4921-AD71-0F6DE06C0E00}
	EndGlobalSection
EndGlobal
