
Microsoft Visual Studio Solution File, Format Version 12.00
# Visual Studio 15
VisualStudioVersion = 15.0.28307.960
MinimumVisualStudioVersion = 10.0.40219.1
Project("{FAE04EC0-301F-11D3-BF4B-00C04F79EFBC}") = "CleanUP_setup", "CleanUP_setup\CleanUP_setup.csproj", "{73095D3E-3362-4188-88A6-084F0A95FC0B}"
EndProject
Global
	GlobalSection(SolutionConfigurationPlatforms) = preSolution
		Debug|Any CPU = Debug|Any CPU
		Release|Any CPU = Release|Any CPU
	EndGlobalSection
	GlobalSection(ProjectConfigurationPlatforms) = postSolution
		{73095D3E-3362-4188-88A6-084F0A95FC0B}.Debug|Any CPU.ActiveCfg = Debug|Any CPU
		{73095D3E-3362-4188-88A6-084F0A95FC0B}.Debug|Any CPU.Build.0 = Debug|Any CPU
		{73095D3E-3362-4188-88A6-084F0A95FC0B}.Release|Any CPU.ActiveCfg = Release|Any CPU
		{73095D3E-3362-4188-88A6-084F0A95FC0B}.Release|Any CPU.Build.0 = Release|Any CPU
	EndGlobalSection
	GlobalSection(SolutionProperties) = preSolution
		HideSolutionNode = FALSE
	EndGlobalSection
	GlobalSection(ExtensibilityGlobals) = postSolution
		SolutionGuid = {B4CE311E-AD32-4F3A-8A05-378772530D9D}
	EndGlobalSection
EndGlobal
