
Microsoft Visual Studio Solution File, Format Version 12.00
# Visual Studio Version 16
VisualStudioVersion = 16.0.30413.136
MinimumVisualStudioVersion = 10.0.40219.1
Project("{FAE04EC0-301F-11D3-BF4B-00C04F79EFBC}") = "GrpcService1", "GrpcService1.csproj", "{EA7FAC7C-5AE7-4814-8761-E327E2442CFF}"
EndProject
Global
	GlobalSection(SolutionConfigurationPlatforms) = preSolution
		Debug|Any CPU = Debug|Any CPU
		Release|Any CPU = Release|Any CPU
	EndGlobalSection
	GlobalSection(ProjectConfigurationPlatforms) = postSolution
		{EA7FAC7C-5AE7-4814-8761-E327E2442CFF}.Debug|Any CPU.ActiveCfg = Debug|Any CPU
		{EA7FAC7C-5AE7-4814-8761-E327E2442CFF}.Debug|Any CPU.Build.0 = Debug|Any CPU
		{EA7FAC7C-5AE7-4814-8761-E327E2442CFF}.Release|Any CPU.ActiveCfg = Release|Any CPU
		{EA7FAC7C-5AE7-4814-8761-E327E2442CFF}.Release|Any CPU.Build.0 = Release|Any CPU
	EndGlobalSection
	GlobalSection(SolutionProperties) = preSolution
		HideSolutionNode = FALSE
	EndGlobalSection
	GlobalSection(ExtensibilityGlobals) = postSolution
		SolutionGuid = {D816F090-63E1-493E-8422-26F586F9BC50}
	EndGlobalSection
EndGlobal
